PODS:
  - Realm (1.1.0):
    - Realm/Headers (= 1.1.0)
  - Realm/Headers (1.1.0)
  - RealmSwift (1.1.0):
    - Realm (= 1.1.0)
  - SimulatorStatusMagic (1.9.2)

DEPENDENCIES:
  - RealmSwift (~> 1.1.0)
  - SimulatorStatusMagic

SPEC CHECKSUMS:
  Realm: ceecf1a4540c4ce9efe196fe73fa9855bce05bd8
  RealmSwift: 838058b2db95b12cb86bd0cf209df642c33fb60a
  SimulatorStatusMagic: f6cf062b0e5a2df6f000bb0f98d1ae6977c8dbc1

PODFILE CHECKSUM: c3b5fc7abb25a23700100e41afdf4eae6b32ab1e

COCOAPODS: 1.1.1
